{
  "pins" : [
    {
      "identity" : "xcdyoutubekit",
      "kind" : "remoteSourceControl",
      "location" : "https://github.com/0xced/XCDYouTubeKit.git",
      "state" : {
        "branch" : "master",
        "revision" : "23f765941b36d6d28215ab81a37af1039d29138b"
      }
    }
  ],
  "version" : 2
}
